
Microsoft Visual Studio Solution File, Format Version 12.00
# Visual Studio 14
VisualStudioVersion = 14.0.25420.1
MinimumVisualStudioVersion = 10.0.40219.1
Project("{2150E333-8FDC-42A3-9474-1A3956D46DE8}") = "utility", "utility", "{BF231013-A569-4845-BDCF-03051B43F377}"
EndProject
Project("{2150E333-8FDC-42A3-9474-1A3956D46DE8}") = "database", "database", "{EB8F00DC-55E9-419A-BCFB-C5D9BC4E2D86}"
EndProject
Project("{2150E333-8FDC-42A3-9474-1A3956D46DE8}") = "luaScript", "luaScript", "{748B59FD-AF07-46A7-9D3E-2DD5D7537B45}"
EndProject
Project("{2150E333-8FDC-42A3-9474-1A3956D46DE8}") = "network", "network", "{2A438D81-0A71-4F9F-9081-6C4144851674}"
EndProject
Project("{2150E333-8FDC-42A3-9474-1A3956D46DE8}") = "framework", "framework", "{6493A9DC-1555-47C2-B6BA-2BD1B88AA7F1}"
EndProject
Project("{2150E333-8FDC-42A3-9474-1A3956D46DE8}") = "security", "security", "{ACFE5D80-7596-4981-A0C5-76A1E20C4E07}"
EndProject
Project("{2150E333-8FDC-42A3-9474-1A3956D46DE8}") = "io", "io", "{A7099AC3-87EA-4098-8D00-A083E6AF012F}"
EndProject
Project("{2150E333-8FDC-42A3-9474-1A3956D46DE8}") = "memory", "memory", "{B8447AD6-E3B3-4AB0-8FC5-184ED82E49B2}"
EndProject
Project("{2150E333-8FDC-42A3-9474-1A3956D46DE8}") = "p2p", "p2p", "{5EE7CD14-BC31-41AB-A3FB-33E0B9230A1B}"
EndProject
Project("{2150E333-8FDC-42A3-9474-1A3956D46DE8}") = "Net", "Net", "{293B4C5F-B360-4E85-84F2-470B7B196CA4}"
EndProject
Project("{8BC9CEB8-8B4A-11D0-8D11-00A0C91BC942}") = "command", "utility\command.vcxproj", "{AC68B3D5-4536-4177-87D2-D45D593C9953}"
EndProject
Project("{8BC9CEB8-8B4A-11D0-8D11-00A0C91BC942}") = "filelog", "utility\filelog.vcxproj", "{83D11CAE-140E-44DD-9D63-C2CE50547035}"
EndProject
Project("{8BC9CEB8-8B4A-11D0-8D11-00A0C91BC942}") = "function", "utility\function.vcxproj", "{521D7021-A068-444B-A1D8-AF7581FEC239}"
EndProject
Project("{8BC9CEB8-8B4A-11D0-8D11-00A0C91BC942}") = "hashMap", "utility\hashMap.vcxproj", "{A9618BBD-20AE-4188-B700-D895386D9A0F}"
EndProject
Project("{8BC9CEB8-8B4A-11D0-8D11-00A0C91BC942}") = "keyExecMgr", "utility\keyExecMgr.vcxproj", "{FD608899-4619-4850-AEEB-FEC3F1767F80}"
EndProject
Project("{8BC9CEB8-8B4A-11D0-8D11-00A0C91BC942}") = "objectPool", "utility\objectPool.vcxproj", "{27325F12-E941-4D51-9C52-6FDFA9822970}"
EndProject
Project("{8BC9CEB8-8B4A-11D0-8D11-00A0C91BC942}") = "shmMemoryClient", "utility\shmMemoryClient.vcxproj", "{77D50565-161A-44EF-9667-3C16139993F1}"
EndProject
Project("{8BC9CEB8-8B4A-11D0-8D11-00A0C91BC942}") = "shmMemoryServer", "utility\shmMemoryServer.vcxproj", "{A3FFC4D0-AD00-4B6E-820D-8DE15AD8C1C7}"
EndProject
Project("{8BC9CEB8-8B4A-11D0-8D11-00A0C91BC942}") = "string", "utility\string.vcxproj", "{9AC2BB0A-D5AB-4F45-93E2-65640980EB8C}"
EndProject
Project("{8BC9CEB8-8B4A-11D0-8D11-00A0C91BC942}") = "table", "utility\table.vcxproj", "{1004D788-DCBD-4C50-A683-FB4AED5403B6}"
EndProject
Project("{8BC9CEB8-8B4A-11D0-8D11-00A0C91BC942}") = "thread", "utility\thread.vcxproj", "{BBE294C9-685A-446B-8BD2-58420A2D7444}"
EndProject
Project("{8BC9CEB8-8B4A-11D0-8D11-00A0C91BC942}") = "timer", "utility\timer.vcxproj", "{1BF2B094-E3AB-4E53-84A0-DEFFC3DE527C}"
EndProject
Project("{8BC9CEB8-8B4A-11D0-8D11-00A0C91BC942}") = "binFile", "utility\io\binFile.vcxproj", "{A71C3741-8FC1-40B5-A9BE-A9A2A5F069A8}"
EndProject
Project("{8BC9CEB8-8B4A-11D0-8D11-00A0C91BC942}") = "xmlExcel", "utility\io\xmlExcel.vcxproj", "{C35AE22A-1D5E-4A99-AF9C-4D92E414969A}"
EndProject
Project("{8BC9CEB8-8B4A-11D0-8D11-00A0C91BC942}") = "xmlFile", "utility\io\xmlFile.vcxproj", "{BC918043-2A7B-4C3C-B6DB-DDCCA8C750A0}"
EndProject
Project("{8BC9CEB8-8B4A-11D0-8D11-00A0C91BC942}") = "security", "security\security.vcxproj", "{05574E94-493E-4AF2-9286-EB4D67A7F616}"
EndProject
Project("{8BC9CEB8-8B4A-11D0-8D11-00A0C91BC942}") = "p2pClient", "p2p\p2pClient.vcxproj", "{EBA4042C-974D-49DC-8031-B874338C7CA4}"
EndProject
Project("{8BC9CEB8-8B4A-11D0-8D11-00A0C91BC942}") = "p2pServer", "p2p\p2pServer.vcxproj", "{D1169F27-F194-44C9-A04A-9C5F463EEB11}"
EndProject
Project("{8BC9CEB8-8B4A-11D0-8D11-00A0C91BC942}") = "tcpClient", "network\tcpClient.vcxproj", "{5681F408-750F-4BCC-A102-F5B4479AB2BA}"
EndProject
Project("{8BC9CEB8-8B4A-11D0-8D11-00A0C91BC942}") = "tcpServer", "network\tcpServer.vcxproj", "{5901145F-5022-43EC-8530-C2D8C8F26382}"
EndProject
Project("{8BC9CEB8-8B4A-11D0-8D11-00A0C91BC942}") = "toluapp", "toluapp\toluapp.vcproj", "{2DBDCBBB-B2B1-4F04-AD99-047DCCB2DA98}"
EndProject
Project("{8BC9CEB8-8B4A-11D0-8D11-00A0C91BC942}") = "smpDatabase", "database\smpDatabase.vcxproj", "{66CD792A-5E8E-4180-A173-17FD706CC229}"
EndProject
Project("{8BC9CEB8-8B4A-11D0-8D11-00A0C91BC942}") = "NetFwClient", "framework\netFwClient.vcxproj", "{71DC1981-27A1-4DF3-87ED-806FB130D41D}"
EndProject
Project("{8BC9CEB8-8B4A-11D0-8D11-00A0C91BC942}") = "NetFwServer", "framework\netFwServer.vcxproj", "{C581DB67-E730-4C9B-A4E9-E170AE27E82D}"
EndProject
Project("{8BC9CEB8-8B4A-11D0-8D11-00A0C91BC942}") = "logFile", "utility\logFile.vcxproj", "{15D8C09C-858E-49E5-B767-8746FA256EF4}"
EndProject
Global
	GlobalSection(SolutionConfigurationPlatforms) = preSolution
		Debug|Win32 = Debug|Win32
		Release|Win32 = Release|Win32
	EndGlobalSection
	GlobalSection(ProjectConfigurationPlatforms) = postSolution
		{AC68B3D5-4536-4177-87D2-D45D593C9953}.Debug|Win32.ActiveCfg = Debug|Win32
		{AC68B3D5-4536-4177-87D2-D45D593C9953}.Debug|Win32.Build.0 = Debug|Win32
		{AC68B3D5-4536-4177-87D2-D45D593C9953}.Release|Win32.ActiveCfg = Release|Win32
		{AC68B3D5-4536-4177-87D2-D45D593C9953}.Release|Win32.Build.0 = Release|Win32
		{83D11CAE-140E-44DD-9D63-C2CE50547035}.Debug|Win32.ActiveCfg = Debug|Win32
		{83D11CAE-140E-44DD-9D63-C2CE50547035}.Debug|Win32.Build.0 = Debug|Win32
		{83D11CAE-140E-44DD-9D63-C2CE50547035}.Release|Win32.ActiveCfg = Release|Win32
		{83D11CAE-140E-44DD-9D63-C2CE50547035}.Release|Win32.Build.0 = Release|Win32
		{521D7021-A068-444B-A1D8-AF7581FEC239}.Debug|Win32.ActiveCfg = Debug|Win32
		{521D7021-A068-444B-A1D8-AF7581FEC239}.Debug|Win32.Build.0 = Debug|Win32
		{521D7021-A068-444B-A1D8-AF7581FEC239}.Release|Win32.ActiveCfg = Release|Win32
		{521D7021-A068-444B-A1D8-AF7581FEC239}.Release|Win32.Build.0 = Release|Win32
		{A9618BBD-20AE-4188-B700-D895386D9A0F}.Debug|Win32.ActiveCfg = Debug|Win32
		{A9618BBD-20AE-4188-B700-D895386D9A0F}.Debug|Win32.Build.0 = Debug|Win32
		{A9618BBD-20AE-4188-B700-D895386D9A0F}.Release|Win32.ActiveCfg = Release|Win32
		{A9618BBD-20AE-4188-B700-D895386D9A0F}.Release|Win32.Build.0 = Release|Win32
		{FD608899-4619-4850-AEEB-FEC3F1767F80}.Debug|Win32.ActiveCfg = Debug|Win32
		{FD608899-4619-4850-AEEB-FEC3F1767F80}.Debug|Win32.Build.0 = Debug|Win32
		{FD608899-4619-4850-AEEB-FEC3F1767F80}.Release|Win32.ActiveCfg = Release|Win32
		{FD608899-4619-4850-AEEB-FEC3F1767F80}.Release|Win32.Build.0 = Release|Win32
		{27325F12-E941-4D51-9C52-6FDFA9822970}.Debug|Win32.ActiveCfg = Debug|Win32
		{27325F12-E941-4D51-9C52-6FDFA9822970}.Debug|Win32.Build.0 = Debug|Win32
		{27325F12-E941-4D51-9C52-6FDFA9822970}.Release|Win32.ActiveCfg = Release|Win32
		{27325F12-E941-4D51-9C52-6FDFA9822970}.Release|Win32.Build.0 = Release|Win32
		{77D50565-161A-44EF-9667-3C16139993F1}.Debug|Win32.ActiveCfg = Debug|Win32
		{77D50565-161A-44EF-9667-3C16139993F1}.Debug|Win32.Build.0 = Debug|Win32
		{77D50565-161A-44EF-9667-3C16139993F1}.Release|Win32.ActiveCfg = Release|Win32
		{77D50565-161A-44EF-9667-3C16139993F1}.Release|Win32.Build.0 = Release|Win32
		{A3FFC4D0-AD00-4B6E-820D-8DE15AD8C1C7}.Debug|Win32.ActiveCfg = Debug|Win32
		{A3FFC4D0-AD00-4B6E-820D-8DE15AD8C1C7}.Debug|Win32.Build.0 = Debug|Win32
		{A3FFC4D0-AD00-4B6E-820D-8DE15AD8C1C7}.Release|Win32.ActiveCfg = Release|Win32
		{A3FFC4D0-AD00-4B6E-820D-8DE15AD8C1C7}.Release|Win32.Build.0 = Release|Win32
		{9AC2BB0A-D5AB-4F45-93E2-65640980EB8C}.Debug|Win32.ActiveCfg = Debug|Win32
		{9AC2BB0A-D5AB-4F45-93E2-65640980EB8C}.Debug|Win32.Build.0 = Debug|Win32
		{9AC2BB0A-D5AB-4F45-93E2-65640980EB8C}.Release|Win32.ActiveCfg = Release|Win32
		{9AC2BB0A-D5AB-4F45-93E2-65640980EB8C}.Release|Win32.Build.0 = Release|Win32
		{1004D788-DCBD-4C50-A683-FB4AED5403B6}.Debug|Win32.ActiveCfg = Debug|Win32
		{1004D788-DCBD-4C50-A683-FB4AED5403B6}.Debug|Win32.Build.0 = Debug|Win32
		{1004D788-DCBD-4C50-A683-FB4AED5403B6}.Release|Win32.ActiveCfg = Release|Win32
		{1004D788-DCBD-4C50-A683-FB4AED5403B6}.Release|Win32.Build.0 = Release|Win32
		{BBE294C9-685A-446B-8BD2-58420A2D7444}.Debug|Win32.ActiveCfg = Debug|Win32
		{BBE294C9-685A-446B-8BD2-58420A2D7444}.Debug|Win32.Build.0 = Debug|Win32
		{BBE294C9-685A-446B-8BD2-58420A2D7444}.Release|Win32.ActiveCfg = Release|Win32
		{BBE294C9-685A-446B-8BD2-58420A2D7444}.Release|Win32.Build.0 = Release|Win32
		{1BF2B094-E3AB-4E53-84A0-DEFFC3DE527C}.Debug|Win32.ActiveCfg = Debug|Win32
		{1BF2B094-E3AB-4E53-84A0-DEFFC3DE527C}.Debug|Win32.Build.0 = Debug|Win32
		{1BF2B094-E3AB-4E53-84A0-DEFFC3DE527C}.Release|Win32.ActiveCfg = Release|Win32
		{1BF2B094-E3AB-4E53-84A0-DEFFC3DE527C}.Release|Win32.Build.0 = Release|Win32
		{A71C3741-8FC1-40B5-A9BE-A9A2A5F069A8}.Debug|Win32.ActiveCfg = Debug|Win32
		{A71C3741-8FC1-40B5-A9BE-A9A2A5F069A8}.Debug|Win32.Build.0 = Debug|Win32
		{A71C3741-8FC1-40B5-A9BE-A9A2A5F069A8}.Release|Win32.ActiveCfg = Release|Win32
		{A71C3741-8FC1-40B5-A9BE-A9A2A5F069A8}.Release|Win32.Build.0 = Release|Win32
		{C35AE22A-1D5E-4A99-AF9C-4D92E414969A}.Debug|Win32.ActiveCfg = Debug|Win32
		{C35AE22A-1D5E-4A99-AF9C-4D92E414969A}.Debug|Win32.Build.0 = Debug|Win32
		{C35AE22A-1D5E-4A99-AF9C-4D92E414969A}.Release|Win32.ActiveCfg = Release|Win32
		{C35AE22A-1D5E-4A99-AF9C-4D92E414969A}.Release|Win32.Build.0 = Release|Win32
		{BC918043-2A7B-4C3C-B6DB-DDCCA8C750A0}.Debug|Win32.ActiveCfg = Debug|Win32
		{BC918043-2A7B-4C3C-B6DB-DDCCA8C750A0}.Debug|Win32.Build.0 = Debug|Win32
		{BC918043-2A7B-4C3C-B6DB-DDCCA8C750A0}.Release|Win32.ActiveCfg = Release|Win32
		{BC918043-2A7B-4C3C-B6DB-DDCCA8C750A0}.Release|Win32.Build.0 = Release|Win32
		{05574E94-493E-4AF2-9286-EB4D67A7F616}.Debug|Win32.ActiveCfg = Debug|Win32
		{05574E94-493E-4AF2-9286-EB4D67A7F616}.Debug|Win32.Build.0 = Debug|Win32
		{05574E94-493E-4AF2-9286-EB4D67A7F616}.Release|Win32.ActiveCfg = Release|Win32
		{05574E94-493E-4AF2-9286-EB4D67A7F616}.Release|Win32.Build.0 = Release|Win32
		{EBA4042C-974D-49DC-8031-B874338C7CA4}.Debug|Win32.ActiveCfg = Debug|Win32
		{EBA4042C-974D-49DC-8031-B874338C7CA4}.Debug|Win32.Build.0 = Debug|Win32
		{EBA4042C-974D-49DC-8031-B874338C7CA4}.Release|Win32.ActiveCfg = Release|Win32
		{EBA4042C-974D-49DC-8031-B874338C7CA4}.Release|Win32.Build.0 = Release|Win32
		{D1169F27-F194-44C9-A04A-9C5F463EEB11}.Debug|Win32.ActiveCfg = Debug|Win32
		{D1169F27-F194-44C9-A04A-9C5F463EEB11}.Debug|Win32.Build.0 = Debug|Win32
		{D1169F27-F194-44C9-A04A-9C5F463EEB11}.Release|Win32.ActiveCfg = Release|Win32
		{D1169F27-F194-44C9-A04A-9C5F463EEB11}.Release|Win32.Build.0 = Release|Win32
		{5681F408-750F-4BCC-A102-F5B4479AB2BA}.Debug|Win32.ActiveCfg = Debug|Win32
		{5681F408-750F-4BCC-A102-F5B4479AB2BA}.Debug|Win32.Build.0 = Debug|Win32
		{5681F408-750F-4BCC-A102-F5B4479AB2BA}.Release|Win32.ActiveCfg = Release|Win32
		{5681F408-750F-4BCC-A102-F5B4479AB2BA}.Release|Win32.Build.0 = Release|Win32
		{5901145F-5022-43EC-8530-C2D8C8F26382}.Debug|Win32.ActiveCfg = Debug|Win32
		{5901145F-5022-43EC-8530-C2D8C8F26382}.Debug|Win32.Build.0 = Debug|Win32
		{5901145F-5022-43EC-8530-C2D8C8F26382}.Release|Win32.ActiveCfg = Release|Win32
		{5901145F-5022-43EC-8530-C2D8C8F26382}.Release|Win32.Build.0 = Release|Win32
		{2DBDCBBB-B2B1-4F04-AD99-047DCCB2DA98}.Debug|Win32.ActiveCfg = Debug|Win32
		{2DBDCBBB-B2B1-4F04-AD99-047DCCB2DA98}.Debug|Win32.Build.0 = Debug|Win32
		{2DBDCBBB-B2B1-4F04-AD99-047DCCB2DA98}.Release|Win32.ActiveCfg = Release|Win32
		{2DBDCBBB-B2B1-4F04-AD99-047DCCB2DA98}.Release|Win32.Build.0 = Release|Win32
		{66CD792A-5E8E-4180-A173-17FD706CC229}.Debug|Win32.ActiveCfg = Debug|Win32
		{66CD792A-5E8E-4180-A173-17FD706CC229}.Debug|Win32.Build.0 = Debug|Win32
		{66CD792A-5E8E-4180-A173-17FD706CC229}.Release|Win32.ActiveCfg = Release|Win32
		{66CD792A-5E8E-4180-A173-17FD706CC229}.Release|Win32.Build.0 = Release|Win32
		{71DC1981-27A1-4DF3-87ED-806FB130D41D}.Debug|Win32.ActiveCfg = Debug|Win32
		{71DC1981-27A1-4DF3-87ED-806FB130D41D}.Debug|Win32.Build.0 = Debug|Win32
		{71DC1981-27A1-4DF3-87ED-806FB130D41D}.Release|Win32.ActiveCfg = Release|Win32
		{71DC1981-27A1-4DF3-87ED-806FB130D41D}.Release|Win32.Build.0 = Release|Win32
		{C581DB67-E730-4C9B-A4E9-E170AE27E82D}.Debug|Win32.ActiveCfg = Debug|Win32
		{C581DB67-E730-4C9B-A4E9-E170AE27E82D}.Debug|Win32.Build.0 = Debug|Win32
		{C581DB67-E730-4C9B-A4E9-E170AE27E82D}.Release|Win32.ActiveCfg = Release|Win32
		{C581DB67-E730-4C9B-A4E9-E170AE27E82D}.Release|Win32.Build.0 = Release|Win32
		{15D8C09C-858E-49E5-B767-8746FA256EF4}.Debug|Win32.ActiveCfg = Debug|Win32
		{15D8C09C-858E-49E5-B767-8746FA256EF4}.Debug|Win32.Build.0 = Debug|Win32
		{15D8C09C-858E-49E5-B767-8746FA256EF4}.Release|Win32.ActiveCfg = Release|Win32
		{15D8C09C-858E-49E5-B767-8746FA256EF4}.Release|Win32.Build.0 = Release|Win32
	EndGlobalSection
	GlobalSection(SolutionProperties) = preSolution
		HideSolutionNode = FALSE
	EndGlobalSection
	GlobalSection(NestedProjects) = preSolution
		{A7099AC3-87EA-4098-8D00-A083E6AF012F} = {BF231013-A569-4845-BDCF-03051B43F377}
		{B8447AD6-E3B3-4AB0-8FC5-184ED82E49B2} = {BF231013-A569-4845-BDCF-03051B43F377}
		{293B4C5F-B360-4E85-84F2-470B7B196CA4} = {6493A9DC-1555-47C2-B6BA-2BD1B88AA7F1}
		{AC68B3D5-4536-4177-87D2-D45D593C9953} = {BF231013-A569-4845-BDCF-03051B43F377}
		{83D11CAE-140E-44DD-9D63-C2CE50547035} = {BF231013-A569-4845-BDCF-03051B43F377}
		{521D7021-A068-444B-A1D8-AF7581FEC239} = {BF231013-A569-4845-BDCF-03051B43F377}
		{A9618BBD-20AE-4188-B700-D895386D9A0F} = {BF231013-A569-4845-BDCF-03051B43F377}
		{FD608899-4619-4850-AEEB-FEC3F1767F80} = {BF231013-A569-4845-BDCF-03051B43F377}
		{27325F12-E941-4D51-9C52-6FDFA9822970} = {BF231013-A569-4845-BDCF-03051B43F377}
		{77D50565-161A-44EF-9667-3C16139993F1} = {B8447AD6-E3B3-4AB0-8FC5-184ED82E49B2}
		{A3FFC4D0-AD00-4B6E-820D-8DE15AD8C1C7} = {B8447AD6-E3B3-4AB0-8FC5-184ED82E49B2}
		{9AC2BB0A-D5AB-4F45-93E2-65640980EB8C} = {BF231013-A569-4845-BDCF-03051B43F377}
		{1004D788-DCBD-4C50-A683-FB4AED5403B6} = {BF231013-A569-4845-BDCF-03051B43F377}
		{BBE294C9-685A-446B-8BD2-58420A2D7444} = {BF231013-A569-4845-BDCF-03051B43F377}
		{1BF2B094-E3AB-4E53-84A0-DEFFC3DE527C} = {BF231013-A569-4845-BDCF-03051B43F377}
		{A71C3741-8FC1-40B5-A9BE-A9A2A5F069A8} = {A7099AC3-87EA-4098-8D00-A083E6AF012F}
		{C35AE22A-1D5E-4A99-AF9C-4D92E414969A} = {A7099AC3-87EA-4098-8D00-A083E6AF012F}
		{BC918043-2A7B-4C3C-B6DB-DDCCA8C750A0} = {A7099AC3-87EA-4098-8D00-A083E6AF012F}
		{05574E94-493E-4AF2-9286-EB4D67A7F616} = {ACFE5D80-7596-4981-A0C5-76A1E20C4E07}
		{EBA4042C-974D-49DC-8031-B874338C7CA4} = {5EE7CD14-BC31-41AB-A3FB-33E0B9230A1B}
		{D1169F27-F194-44C9-A04A-9C5F463EEB11} = {5EE7CD14-BC31-41AB-A3FB-33E0B9230A1B}
		{5681F408-750F-4BCC-A102-F5B4479AB2BA} = {2A438D81-0A71-4F9F-9081-6C4144851674}
		{5901145F-5022-43EC-8530-C2D8C8F26382} = {2A438D81-0A71-4F9F-9081-6C4144851674}
		{2DBDCBBB-B2B1-4F04-AD99-047DCCB2DA98} = {748B59FD-AF07-46A7-9D3E-2DD5D7537B45}
		{66CD792A-5E8E-4180-A173-17FD706CC229} = {EB8F00DC-55E9-419A-BCFB-C5D9BC4E2D86}
		{71DC1981-27A1-4DF3-87ED-806FB130D41D} = {293B4C5F-B360-4E85-84F2-470B7B196CA4}
		{C581DB67-E730-4C9B-A4E9-E170AE27E82D} = {293B4C5F-B360-4E85-84F2-470B7B196CA4}
		{15D8C09C-858E-49E5-B767-8746FA256EF4} = {BF231013-A569-4845-BDCF-03051B43F377}
	EndGlobalSection
EndGlobal
