<?xml version="1.0" encoding="utf-8"?>
<Project ToolsVersion="4.0" xmlns="http://schemas.microsoft.com/developer/msbuild/2003">
  <ItemGroup>
    <Filter Include="cpp">
      <UniqueIdentifier>{4FC737F1-C7A5-4376-A066-2A32D752A2FF}</UniqueIdentifier>
      <Extensions>cpp;c;cc;cxx;def;odl;idl;hpj;bat;asm;asmx</Extensions>
    </Filter>
    <Filter Include="inc">
      <UniqueIdentifier>{93995380-89BD-4b04-88EB-625FBE52EBFB}</UniqueIdentifier>
      <Extensions>h;hpp;hxx;hm;inl;inc;xsd</Extensions>
    </Filter>
    <Filter Include="res">
      <UniqueIdentifier>{67DA6AB6-F800-4c08-8B7A-83BB121AAD01}</UniqueIdentifier>
      <Extensions>rc;ico;cur;bmp;dlg;rc2;rct;bin;rgs;gif;jpg;jpeg;jpe;resx;tiff;tif;png;wav</Extensions>
    </Filter>
    <Filter Include="msg">
      <UniqueIdentifier>{ffc6ce99-3739-48db-a7f9-1c740ec7c8b4}</UniqueIdentifier>
    </Filter>
  </ItemGroup>
  <ItemGroup>
    <ClCompile Include="..\..\..\framework\server\main.cpp">
      <Filter>cpp</Filter>
    </ClCompile>
    <ClCompile Include="..\..\..\framework\server\mainThread.cpp">
      <Filter>cpp</Filter>
    </ClCompile>
    <ClCompile Include="..\..\..\framework\server\netServer.cpp">
      <Filter>cpp</Filter>
    </ClCompile>
    <ClCompile Include="..\..\..\framework\server\netStub.cpp">
      <Filter>cpp</Filter>
    </ClCompile>
    <ClCompile Include="..\..\..\framework\server\netStubMgr.cpp">
      <Filter>cpp</Filter>
    </ClCompile>
  </ItemGroup>
  <ItemGroup>
    <ClInclude Include="..\..\..\framework\server\mainThread.h">
      <Filter>inc</Filter>
    </ClInclude>
    <ClInclude Include="..\..\..\framework\server\netServer.h">
      <Filter>inc</Filter>
    </ClInclude>
    <ClInclude Include="..\..\..\framework\server\netStub.h">
      <Filter>inc</Filter>
    </ClInclude>
    <ClInclude Include="..\..\..\framework\server\netStubMgr.h">
      <Filter>inc</Filter>
    </ClInclude>
    <ClInclude Include="..\..\..\framework\message\message.h">
      <Filter>msg</Filter>
    </ClInclude>
  </ItemGroup>
</Project>