<?xml version="1.0" encoding="utf-8"?>
<Project ToolsVersion="4.0" xmlns="http://schemas.microsoft.com/developer/msbuild/2003">
  <ItemGroup>
    <Filter Include="Recast">
      <UniqueIdentifier>{887b1569-97ef-42ac-ba70-e55837103769}</UniqueIdentifier>
    </Filter>
    <Filter Include="Detour">
      <UniqueIdentifier>{32145090-11ef-4aec-b919-fda9b27bb23e}</UniqueIdentifier>
    </Filter>
    <Filter Include="DetourCrowd">
      <UniqueIdentifier>{a90ee532-4b86-4e0f-b789-6704742ce867}</UniqueIdentifier>
    </Filter>
    <Filter Include="DetourTileCache">
      <UniqueIdentifier>{ffc3c5eb-bdcb-4f14-82a0-a678e55dca26}</UniqueIdentifier>
    </Filter>
  </ItemGroup>
  <ItemGroup>
    <ClCompile Include="Recast\ChunkyTriMesh.cpp">
      <Filter>Recast</Filter>
    </ClCompile>
    <ClCompile Include="Recast\Recast.cpp">
      <Filter>Recast</Filter>
    </ClCompile>
    <ClCompile Include="Recast\RecastAlloc.cpp">
      <Filter>Recast</Filter>
    </ClCompile>
    <ClCompile Include="Recast\RecastArea.cpp">
      <Filter>Recast</Filter>
    </ClCompile>
    <ClCompile Include="Recast\RecastContour.cpp">
      <Filter>Recast</Filter>
    </ClCompile>
    <ClCompile Include="Recast\RecastFilter.cpp">
      <Filter>Recast</Filter>
    </ClCompile>
    <ClCompile Include="Recast\RecastLayers.cpp">
      <Filter>Recast</Filter>
    </ClCompile>
    <ClCompile Include="Recast\RecastMesh.cpp">
      <Filter>Recast</Filter>
    </ClCompile>
    <ClCompile Include="Recast\RecastMeshDetail.cpp">
      <Filter>Recast</Filter>
    </ClCompile>
    <ClCompile Include="Recast\RecastRasterization.cpp">
      <Filter>Recast</Filter>
    </ClCompile>
    <ClCompile Include="Recast\RecastRegion.cpp">
      <Filter>Recast</Filter>
    </ClCompile>
    <ClCompile Include="Detour\DetourAlloc.cpp">
      <Filter>Detour</Filter>
    </ClCompile>
    <ClCompile Include="Detour\DetourCommon.cpp">
      <Filter>Detour</Filter>
    </ClCompile>
    <ClCompile Include="Detour\DetourNavMesh.cpp">
      <Filter>Detour</Filter>
    </ClCompile>
    <ClCompile Include="Detour\DetourNavMeshBuilder.cpp">
      <Filter>Detour</Filter>
    </ClCompile>
    <ClCompile Include="Detour\DetourNavMeshQuery.cpp">
      <Filter>Detour</Filter>
    </ClCompile>
    <ClCompile Include="Detour\DetourNode.cpp">
      <Filter>Detour</Filter>
    </ClCompile>
    <ClCompile Include="DetourCrowd\DetourCrowd.cpp">
      <Filter>DetourCrowd</Filter>
    </ClCompile>
    <ClCompile Include="DetourCrowd\DetourLocalBoundary.cpp">
      <Filter>DetourCrowd</Filter>
    </ClCompile>
    <ClCompile Include="DetourCrowd\DetourObstacleAvoidance.cpp">
      <Filter>DetourCrowd</Filter>
    </ClCompile>
    <ClCompile Include="DetourCrowd\DetourPathCorridor.cpp">
      <Filter>DetourCrowd</Filter>
    </ClCompile>
    <ClCompile Include="DetourCrowd\DetourPathQueue.cpp">
      <Filter>DetourCrowd</Filter>
    </ClCompile>
    <ClCompile Include="DetourCrowd\DetourProximityGrid.cpp">
      <Filter>DetourCrowd</Filter>
    </ClCompile>
    <ClCompile Include="DetourTileCache\DetourTileCache.cpp">
      <Filter>DetourTileCache</Filter>
    </ClCompile>
    <ClCompile Include="DetourTileCache\DetourTileCacheBuilder.cpp">
      <Filter>DetourTileCache</Filter>
    </ClCompile>
    <ClCompile Include="Detour\DetourAssert.cpp">
      <Filter>Detour</Filter>
    </ClCompile>
    <ClCompile Include="Recast\RecastAssert.cpp">
      <Filter>Recast</Filter>
    </ClCompile>
  </ItemGroup>
  <ItemGroup>
    <ClInclude Include="Recast\ChunkyTriMesh.h">
      <Filter>Recast</Filter>
    </ClInclude>
    <ClInclude Include="Recast\Recast.h">
      <Filter>Recast</Filter>
    </ClInclude>
    <ClInclude Include="Recast\RecastAlloc.h">
      <Filter>Recast</Filter>
    </ClInclude>
    <ClInclude Include="Recast\RecastAssert.h">
      <Filter>Recast</Filter>
    </ClInclude>
    <ClInclude Include="Detour\DetourAlloc.h">
      <Filter>Detour</Filter>
    </ClInclude>
    <ClInclude Include="Detour\DetourAssert.h">
      <Filter>Detour</Filter>
    </ClInclude>
    <ClInclude Include="Detour\DetourCommon.h">
      <Filter>Detour</Filter>
    </ClInclude>
    <ClInclude Include="Detour\DetourNavMesh.h">
      <Filter>Detour</Filter>
    </ClInclude>
    <ClInclude Include="Detour\DetourNavMeshBuilder.h">
      <Filter>Detour</Filter>
    </ClInclude>
    <ClInclude Include="Detour\DetourNavMeshQuery.h">
      <Filter>Detour</Filter>
    </ClInclude>
    <ClInclude Include="Detour\DetourNode.h">
      <Filter>Detour</Filter>
    </ClInclude>
    <ClInclude Include="Detour\DetourStatus.h">
      <Filter>Detour</Filter>
    </ClInclude>
    <ClInclude Include="DetourCrowd\DetourCrowd.h">
      <Filter>DetourCrowd</Filter>
    </ClInclude>
    <ClInclude Include="DetourCrowd\DetourLocalBoundary.h">
      <Filter>DetourCrowd</Filter>
    </ClInclude>
    <ClInclude Include="DetourCrowd\DetourObstacleAvoidance.h">
      <Filter>DetourCrowd</Filter>
    </ClInclude>
    <ClInclude Include="DetourCrowd\DetourPathCorridor.h">
      <Filter>DetourCrowd</Filter>
    </ClInclude>
    <ClInclude Include="DetourCrowd\DetourPathQueue.h">
      <Filter>DetourCrowd</Filter>
    </ClInclude>
    <ClInclude Include="DetourCrowd\DetourProximityGrid.h">
      <Filter>DetourCrowd</Filter>
    </ClInclude>
    <ClInclude Include="DetourTileCache\DetourTileCache.h">
      <Filter>DetourTileCache</Filter>
    </ClInclude>
    <ClInclude Include="DetourTileCache\DetourTileCacheBuilder.h">
      <Filter>DetourTileCache</Filter>
    </ClInclude>
    <ClInclude Include="Detour\DetourMath.h">
      <Filter>Detour</Filter>
    </ClInclude>
  </ItemGroup>
</Project>