
Microsoft Visual Studio Solution File, Format Version 10.00
# Visual Studio 2008
Project("{FAE04EC0-301F-11D3-BF4B-00C04F79EFBC}") = "DemoPlugin01", "Plugins\DemoPlugin01\DemoPlugin01.csproj", "{7CF87060-0A87-444E-952D-5556EE2EA848}"
EndProject
Project("{FAE04EC0-301F-11D3-BF4B-00C04F79EFBC}") = "DemoPlugin02", "Plugins\DemoPlugin02\DemoPlugin02.csproj", "{190ADECB-387E-4D47-A8AD-D1FC4FF4A63D}"
EndProject
Project("{FAE04EC0-301F-11D3-BF4B-00C04F79EFBC}") = "UltraKitTestbed", "Testbed\UltraKitTestbed.csproj", "{30458C78-4E50-4510-AC3B-07094FE6C9AA}"
EndProject
Global
	GlobalSection(SolutionConfigurationPlatforms) = preSolution
		Debug|Any CPU = Debug|Any CPU
		Release|Any CPU = Release|Any CPU
	EndGlobalSection
	GlobalSection(ProjectConfigurationPlatforms) = postSolution
		{7CF87060-0A87-444E-952D-5556EE2EA848}.Debug|Any CPU.ActiveCfg = Debug|Any CPU
		{7CF87060-0A87-444E-952D-5556EE2EA848}.Debug|Any CPU.Build.0 = Debug|Any CPU
		{7CF87060-0A87-444E-952D-5556EE2EA848}.Release|Any CPU.ActiveCfg = Release|Any CPU
		{7CF87060-0A87-444E-952D-5556EE2EA848}.Release|Any CPU.Build.0 = Release|Any CPU
		{190ADECB-387E-4D47-A8AD-D1FC4FF4A63D}.Debug|Any CPU.ActiveCfg = Debug|Any CPU
		{190ADECB-387E-4D47-A8AD-D1FC4FF4A63D}.Debug|Any CPU.Build.0 = Debug|Any CPU
		{190ADECB-387E-4D47-A8AD-D1FC4FF4A63D}.Release|Any CPU.ActiveCfg = Release|Any CPU
		{190ADECB-387E-4D47-A8AD-D1FC4FF4A63D}.Release|Any CPU.Build.0 = Release|Any CPU
		{30458C78-4E50-4510-AC3B-07094FE6C9AA}.Debug|Any CPU.ActiveCfg = Debug|Any CPU
		{30458C78-4E50-4510-AC3B-07094FE6C9AA}.Debug|Any CPU.Build.0 = Debug|Any CPU
		{30458C78-4E50-4510-AC3B-07094FE6C9AA}.Release|Any CPU.ActiveCfg = Release|Any CPU
		{30458C78-4E50-4510-AC3B-07094FE6C9AA}.Release|Any CPU.Build.0 = Release|Any CPU
	EndGlobalSection
	GlobalSection(SolutionProperties) = preSolution
		HideSolutionNode = FALSE
	EndGlobalSection
EndGlobal
