<?xml version="1.0" encoding="utf-8"?>
<Project ToolsVersion="4.0" xmlns="http://schemas.microsoft.com/developer/msbuild/2003">
  <ItemGroup>
    <Filter Include="源文件">
      <UniqueIdentifier>{4FC737F1-C7A5-4376-A066-2A32D752A2FF}</UniqueIdentifier>
      <Extensions>cpp;c;cc;cxx;def;odl;idl;hpj;bat;asm;asmx</Extensions>
    </Filter>
    <Filter Include="头文件">
      <UniqueIdentifier>{93995380-89BD-4b04-88EB-625FBE52EBFB}</UniqueIdentifier>
      <Extensions>h;hh;hpp;hxx;hm;inl;inc;xsd</Extensions>
    </Filter>
    <Filter Include="资源文件">
      <UniqueIdentifier>{67DA6AB6-F800-4c08-8B7A-83BB121AAD01}</UniqueIdentifier>
      <Extensions>rc;ico;cur;bmp;dlg;rc2;rct;bin;rgs;gif;jpg;jpeg;jpe;resx;tiff;tif;png;wav;mfcribbon-ms</Extensions>
    </Filter>
  </ItemGroup>
  <ItemGroup>
    <ClCompile Include="..\src\crc32c.c">
      <Filter>源文件</Filter>
    </ClCompile>
    <ClCompile Include="..\src\rdaddr.c">
      <Filter>源文件</Filter>
    </ClCompile>
    <ClCompile Include="..\src\rdbuf.c">
      <Filter>源文件</Filter>
    </ClCompile>
    <ClCompile Include="..\src\rdcrc32.c">
      <Filter>源文件</Filter>
    </ClCompile>
    <ClCompile Include="..\src\rdgz.c">
      <Filter>源文件</Filter>
    </ClCompile>
    <ClCompile Include="..\src\rdhdrhistogram.c">
      <Filter>源文件</Filter>
    </ClCompile>
    <ClCompile Include="..\src\rdkafka.c">
      <Filter>源文件</Filter>
    </ClCompile>
    <ClCompile Include="..\src\rdkafka_assignor.c">
      <Filter>源文件</Filter>
    </ClCompile>
    <ClCompile Include="..\src\rdkafka_broker.c">
      <Filter>源文件</Filter>
    </ClCompile>
    <ClCompile Include="..\src\rdkafka_cgrp.c">
      <Filter>源文件</Filter>
    </ClCompile>
    <ClCompile Include="..\src\rdkafka_conf.c">
      <Filter>源文件</Filter>
    </ClCompile>
    <ClCompile Include="..\src\rdkafka_event.c">
      <Filter>源文件</Filter>
    </ClCompile>
    <ClCompile Include="..\src\rdkafka_lz4.c">
      <Filter>源文件</Filter>
    </ClCompile>
    <ClCompile Include="..\src\rdkafka_msg.c">
      <Filter>源文件</Filter>
    </ClCompile>
    <ClCompile Include="..\src\rdkafka_msgset_reader.c">
      <Filter>源文件</Filter>
    </ClCompile>
    <ClCompile Include="..\src\rdkafka_msgset_writer.c">
      <Filter>源文件</Filter>
    </ClCompile>
    <ClCompile Include="..\src\rdkafka_offset.c">
      <Filter>源文件</Filter>
    </ClCompile>
    <ClCompile Include="..\src\rdkafka_op.c">
      <Filter>源文件</Filter>
    </ClCompile>
    <ClCompile Include="..\src\rdkafka_partition.c">
      <Filter>源文件</Filter>
    </ClCompile>
    <ClCompile Include="..\src\rdkafka_pattern.c">
      <Filter>源文件</Filter>
    </ClCompile>
    <ClCompile Include="..\src\rdkafka_queue.c">
      <Filter>源文件</Filter>
    </ClCompile>
    <ClCompile Include="..\src\rdkafka_range_assignor.c">
      <Filter>源文件</Filter>
    </ClCompile>
    <ClCompile Include="..\src\rdkafka_roundrobin_assignor.c">
      <Filter>源文件</Filter>
    </ClCompile>
    <ClCompile Include="..\src\rdkafka_request.c">
      <Filter>源文件</Filter>
    </ClCompile>
    <ClCompile Include="..\src\rdkafka_sasl.c">
      <Filter>源文件</Filter>
    </ClCompile>
    <ClCompile Include="..\src\rdkafka_sasl_win32.c">
      <Filter>源文件</Filter>
    </ClCompile>
    <ClCompile Include="..\src\rdkafka_sasl_plain.c">
      <Filter>源文件</Filter>
    </ClCompile>
    <ClCompile Include="..\src\rdkafka_sasl_scram.c">
      <Filter>源文件</Filter>
    </ClCompile>
    <ClCompile Include="..\src\rdkafka_subscription.c">
      <Filter>源文件</Filter>
    </ClCompile>
    <ClCompile Include="..\src\rdkafka_timer.c">
      <Filter>源文件</Filter>
    </ClCompile>
    <ClCompile Include="..\src\rdkafka_topic.c">
      <Filter>源文件</Filter>
    </ClCompile>
    <ClCompile Include="..\src\rdkafka_transport.c">
      <Filter>源文件</Filter>
    </ClCompile>
    <ClCompile Include="..\src\rdkafka_buf.c">
      <Filter>源文件</Filter>
    </ClCompile>
    <ClCompile Include="..\src\rdkafka_feature.c">
      <Filter>源文件</Filter>
    </ClCompile>
    <ClCompile Include="..\src\rdkafka_metadata.c">
      <Filter>源文件</Filter>
    </ClCompile>
    <ClCompile Include="..\src\rdkafka_metadata_cache.c">
      <Filter>源文件</Filter>
    </ClCompile>
    <ClCompile Include="..\src\rdkafka_interceptor.c">
      <Filter>源文件</Filter>
    </ClCompile>
    <ClCompile Include="..\src\rdkafka_plugin.c">
      <Filter>源文件</Filter>
    </ClCompile>
    <ClCompile Include="..\src\rdkafka_header.c">
      <Filter>源文件</Filter>
    </ClCompile>
    <ClCompile Include="..\src\rdkafka_admin.c">
      <Filter>源文件</Filter>
    </ClCompile>
    <ClCompile Include="..\src\rdkafka_aux.c">
      <Filter>源文件</Filter>
    </ClCompile>
    <ClCompile Include="..\src\rdkafka_background.c">
      <Filter>源文件</Filter>
    </ClCompile>
    <ClCompile Include="..\src\rdlist.c">
      <Filter>源文件</Filter>
    </ClCompile>
    <ClCompile Include="..\src\rdlog.c">
      <Filter>源文件</Filter>
    </ClCompile>
    <ClCompile Include="..\src\rdmurmur2.c">
      <Filter>源文件</Filter>
    </ClCompile>
    <ClCompile Include="..\src\rdstring.c">
      <Filter>源文件</Filter>
    </ClCompile>
    <ClCompile Include="..\src\rdrand.c">
      <Filter>源文件</Filter>
    </ClCompile>
    <ClCompile Include="..\src\rdregex.c">
      <Filter>源文件</Filter>
    </ClCompile>
    <ClCompile Include="..\src\rdunittest.c">
      <Filter>源文件</Filter>
    </ClCompile>
    <ClCompile Include="..\src\rdvarint.c">
      <Filter>源文件</Filter>
    </ClCompile>
    <ClCompile Include="..\src\snappy.c">
      <Filter>源文件</Filter>
    </ClCompile>
    <ClCompile Include="..\src\tinycthread.c">
      <Filter>源文件</Filter>
    </ClCompile>
    <ClCompile Include="..\src\tinycthread_extra.c">
      <Filter>源文件</Filter>
    </ClCompile>
    <ClCompile Include="..\src\regexp.c">
      <Filter>源文件</Filter>
    </ClCompile>
    <ClCompile Include="..\src\rdports.c">
      <Filter>源文件</Filter>
    </ClCompile>
    <ClCompile Include="..\src\rdavl.c">
      <Filter>源文件</Filter>
    </ClCompile>
    <ClCompile Include="..\src\xxhash.c">
      <Filter>源文件</Filter>
    </ClCompile>
    <ClCompile Include="..\src\lz4.c">
      <Filter>源文件</Filter>
    </ClCompile>
    <ClCompile Include="..\src\lz4frame.c">
      <Filter>源文件</Filter>
    </ClCompile>
    <ClCompile Include="..\src\lz4hc.c">
      <Filter>源文件</Filter>
    </ClCompile>
    <ClCompile Include="..\src\rddl.c">
      <Filter>源文件</Filter>
    </ClCompile>
  </ItemGroup>
  <ItemGroup>
    <ClInclude Include="..\src\crc32c.h">
      <Filter>头文件</Filter>
    </ClInclude>
    <ClInclude Include="..\src\queue.h">
      <Filter>头文件</Filter>
    </ClInclude>
    <ClInclude Include="..\src\rdatomic.h">
      <Filter>头文件</Filter>
    </ClInclude>
    <ClInclude Include="..\src\rdavg.h">
      <Filter>头文件</Filter>
    </ClInclude>
    <ClInclude Include="..\src\rdbuf.h">
      <Filter>头文件</Filter>
    </ClInclude>
    <ClInclude Include="..\src\rdendian.h">
      <Filter>头文件</Filter>
    </ClInclude>
    <ClInclude Include="..\src\rdfloat.h">
      <Filter>头文件</Filter>
    </ClInclude>
    <ClInclude Include="..\src\rdgz.h">
      <Filter>头文件</Filter>
    </ClInclude>
    <ClInclude Include="..\src\rdinterval.h">
      <Filter>头文件</Filter>
    </ClInclude>
    <ClInclude Include="..\src\rdkafka_admin.h">
      <Filter>头文件</Filter>
    </ClInclude>
    <ClInclude Include="..\src\rdkafka_assignor.h">
      <Filter>头文件</Filter>
    </ClInclude>
    <ClInclude Include="..\src\rdkafka_buf.h">
      <Filter>头文件</Filter>
    </ClInclude>
    <ClInclude Include="..\src\rdkafka_cgrp.h">
      <Filter>头文件</Filter>
    </ClInclude>
    <ClInclude Include="..\src\rdkafka_conf.h">
      <Filter>头文件</Filter>
    </ClInclude>
    <ClInclude Include="..\src\rdkafka_confval.h">
      <Filter>头文件</Filter>
    </ClInclude>
    <ClInclude Include="..\src\rdkafka_event.h">
      <Filter>头文件</Filter>
    </ClInclude>
    <ClInclude Include="..\src\rdkafka_feature.h">
      <Filter>头文件</Filter>
    </ClInclude>
    <ClInclude Include="..\src\rdkafka_lz4.h">
      <Filter>头文件</Filter>
    </ClInclude>
    <ClInclude Include="..\src\rdkafka_msgset.h">
      <Filter>头文件</Filter>
    </ClInclude>
    <ClInclude Include="..\src\rdkafka_op.h">
      <Filter>头文件</Filter>
    </ClInclude>
    <ClInclude Include="..\src\rdkafka_partition.h">
      <Filter>头文件</Filter>
    </ClInclude>
    <ClInclude Include="..\src\rdkafka_pattern.h">
      <Filter>头文件</Filter>
    </ClInclude>
    <ClInclude Include="..\src\rdkafka_queue.h">
      <Filter>头文件</Filter>
    </ClInclude>
    <ClInclude Include="..\src\rdkafka_request.h">
      <Filter>头文件</Filter>
    </ClInclude>
    <ClInclude Include="..\src\rdkafka_sasl.h">
      <Filter>头文件</Filter>
    </ClInclude>
    <ClInclude Include="..\src\rdkafka_sasl_int.h">
      <Filter>头文件</Filter>
    </ClInclude>
    <ClInclude Include="..\src\rdkafka_transport_int.h">
      <Filter>头文件</Filter>
    </ClInclude>
    <ClInclude Include="..\src\rdlist.h">
      <Filter>头文件</Filter>
    </ClInclude>
    <ClInclude Include="..\src\rdposix.h">
      <Filter>头文件</Filter>
    </ClInclude>
    <ClInclude Include="..\src\rd.h">
      <Filter>头文件</Filter>
    </ClInclude>
    <ClInclude Include="..\src\rdaddr.h">
      <Filter>头文件</Filter>
    </ClInclude>
    <ClInclude Include="..\src\rdcrc32.h">
      <Filter>头文件</Filter>
    </ClInclude>
    <ClInclude Include="..\src\rdkafka.h">
      <Filter>头文件</Filter>
    </ClInclude>
    <ClInclude Include="..\src\rdkafka_broker.h">
      <Filter>头文件</Filter>
    </ClInclude>
    <ClInclude Include="..\src\rdkafka_int.h">
      <Filter>头文件</Filter>
    </ClInclude>
    <ClInclude Include="..\src\rdkafka_msg.h">
      <Filter>头文件</Filter>
    </ClInclude>
    <ClInclude Include="..\src\rdkafka_offset.h">
      <Filter>头文件</Filter>
    </ClInclude>
    <ClInclude Include="..\src\rdkafka_proto.h">
      <Filter>头文件</Filter>
    </ClInclude>
    <ClInclude Include="..\src\rdkafka_timer.h">
      <Filter>头文件</Filter>
    </ClInclude>
    <ClInclude Include="..\src\rdkafka_topic.h">
      <Filter>头文件</Filter>
    </ClInclude>
    <ClInclude Include="..\src\rdkafka_transport.h">
      <Filter>头文件</Filter>
    </ClInclude>
    <ClInclude Include="..\src\rdkafka_metadata.h">
      <Filter>头文件</Filter>
    </ClInclude>
    <ClInclude Include="..\src\rdkafka_interceptor.h">
      <Filter>头文件</Filter>
    </ClInclude>
    <ClInclude Include="..\src\rdkafka_plugin.h">
      <Filter>头文件</Filter>
    </ClInclude>
    <ClInclude Include="..\src\rdkafka_header.h">
      <Filter>头文件</Filter>
    </ClInclude>
    <ClInclude Include="..\src\rdlog.h">
      <Filter>头文件</Filter>
    </ClInclude>
    <ClInclude Include="..\src\rdstring.h">
      <Filter>头文件</Filter>
    </ClInclude>
    <ClInclude Include="..\src\rdrand.h">
      <Filter>头文件</Filter>
    </ClInclude>
    <ClInclude Include="..\src\rdsysqueue.h">
      <Filter>头文件</Filter>
    </ClInclude>
    <ClInclude Include="..\src\rdtime.h">
      <Filter>头文件</Filter>
    </ClInclude>
    <ClInclude Include="..\src\rdtypes.h">
      <Filter>头文件</Filter>
    </ClInclude>
    <ClInclude Include="..\src\rdregex.h">
      <Filter>头文件</Filter>
    </ClInclude>
    <ClInclude Include="..\src\rdunittest.h">
      <Filter>头文件</Filter>
    </ClInclude>
    <ClInclude Include="..\src\rdvarint.h">
      <Filter>头文件</Filter>
    </ClInclude>
    <ClInclude Include="..\src\snappy.h">
      <Filter>头文件</Filter>
    </ClInclude>
    <ClInclude Include="..\src\snappy_compat.h">
      <Filter>头文件</Filter>
    </ClInclude>
    <ClInclude Include="..\src\tinycthread.h">
      <Filter>头文件</Filter>
    </ClInclude>
    <ClInclude Include="..\src\tinycthread_extra.h">
      <Filter>头文件</Filter>
    </ClInclude>
    <ClInclude Include="..\src\rdwin32.h">
      <Filter>头文件</Filter>
    </ClInclude>
    <ClInclude Include="..\src\win32_config.h">
      <Filter>头文件</Filter>
    </ClInclude>
    <ClInclude Include="..\src\regexp.h">
      <Filter>头文件</Filter>
    </ClInclude>
    <ClInclude Include="..\src\rdavl.h">
      <Filter>头文件</Filter>
    </ClInclude>
    <ClInclude Include="..\src\rdports.h">
      <Filter>头文件</Filter>
    </ClInclude>
    <ClInclude Include="..\src\rddl.h">
      <Filter>头文件</Filter>
    </ClInclude>
  </ItemGroup>
  <ItemGroup>
    <None Include="..\README.win32" />
    <None Include="packages.config" />
  </ItemGroup>
  <ItemGroup>
    <Text Include="..\LICENSE..txt" />
  </ItemGroup>
</Project>