<?xml version="1.0" encoding="utf-8"?>
<Project ToolsVersion="4.0" xmlns="http://schemas.microsoft.com/developer/msbuild/2003">
  <ItemGroup>
    <ClCompile Include="..\..\..\src\MWLib\kafka\consumer.cpp">
      <Filter>src</Filter>
    </ClCompile>
    <ClCompile Include="..\..\..\src\MWLib\kafka\kafka.cpp">
      <Filter>src</Filter>
    </ClCompile>
    <ClCompile Include="..\..\..\src\MWLib\kafka\producer.cpp">
      <Filter>src</Filter>
    </ClCompile>
  </ItemGroup>
  <ItemGroup>
    <ClInclude Include="..\..\..\inc\MWLib\kafka\consumer.h">
      <Filter>inc</Filter>
    </ClInclude>
    <ClInclude Include="..\..\..\inc\MWLib\kafka\kafka.h">
      <Filter>inc</Filter>
    </ClInclude>
    <ClInclude Include="..\..\..\inc\MWLib\kafka\producer.h">
      <Filter>inc</Filter>
    </ClInclude>
  </ItemGroup>
  <ItemGroup>
    <Filter Include="inc">
      <UniqueIdentifier>{238f1806-1e9c-43e0-a1d3-b2d58585face}</UniqueIdentifier>
    </Filter>
    <Filter Include="src">
      <UniqueIdentifier>{a0897c91-cc12-42be-a670-850066f61ff1}</UniqueIdentifier>
    </Filter>
  </ItemGroup>
</Project>