
Microsoft Visual Studio Solution File, Format Version 10.00
# Visual Studio 2008
Project("{FAE04EC0-301F-11D3-BF4B-00C04F79EFBC}") = "PBNTest", "PBNTest.csproj", "{F3BB2E69-69D8-4AEE-BB5D-B6F8AD46EACC}"
EndProject
Global
	GlobalSection(SolutionConfigurationPlatforms) = preSolution
		Debug|Any CPU = Debug|Any CPU
		Release|Any CPU = Release|Any CPU
	EndGlobalSection
	GlobalSection(ProjectConfigurationPlatforms) = postSolution
		{F3BB2E69-69D8-4AEE-BB5D-B6F8AD46EACC}.Debug|Any CPU.ActiveCfg = Debug|Any CPU
		{F3BB2E69-69D8-4AEE-BB5D-B6F8AD46EACC}.Debug|Any CPU.Build.0 = Debug|Any CPU
		{F3BB2E69-69D8-4AEE-BB5D-B6F8AD46EACC}.Release|Any CPU.ActiveCfg = Release|Any CPU
		{F3BB2E69-69D8-4AEE-BB5D-B6F8AD46EACC}.Release|Any CPU.Build.0 = Release|Any CPU
	EndGlobalSection
	GlobalSection(SolutionProperties) = preSolution
		HideSolutionNode = FALSE
	EndGlobalSection
EndGlobal
